<?xml version="1.0" encoding="utf-8"?>
<Project ToolsVersion="4.0" xmlns="http://schemas.microsoft.com/developer/msbuild/2003">
  <ItemGroup>
    <Filter Include="00.MainApp">
      <UniqueIdentifier>{ac2e782c-7cbb-421b-b3db-c35c37ae1116}</UniqueIdentifier>
    </Filter>
    <Filter Include="98.Defines">
      <UniqueIdentifier>{02a0b492-7ccd-483f-8441-fe7b7135e931}</UniqueIdentifier>
    </Filter>
    <Filter Include="99.Defaults">
      <UniqueIdentifier>{bd08a84f-5227-402a-b34d-cb600cdb4b97}</UniqueIdentifier>
    </Filter>
    <Filter Include="01.Maps">
      <UniqueIdentifier>{62c69ada-489e-49d0-bbf1-18742158623f}</UniqueIdentifier>
    </Filter>
    <Filter Include="97.ShaderFiles">
      <UniqueIdentifier>{395ace26-c26e-4237-9031-47429a7fd067}</UniqueIdentifier>
    </Filter>
    <Filter Include="97.ShaderFiles\00.Defines">
      <UniqueIdentifier>{0d896044-2e1a-49b3-8cf8-ca6b2e41a334}</UniqueIdentifier>
    </Filter>
    <Filter Include="97.ShaderFiles\01.Codes">
      <UniqueIdentifier>{1d67cbdf-83f5-4ab1-9d81-2f033df901dd}</UniqueIdentifier>
    </Filter>
    <Filter Include="02.GameObject">
      <UniqueIdentifier>{b604bc39-7ea2-4ccb-a98b-f89e2d0279b7}</UniqueIdentifier>
    </Filter>
    <Filter Include="02.GameObject\01.Loading">
      <UniqueIdentifier>{ac29aab8-7d55-49ae-bb11-1270e2049714}</UniqueIdentifier>
    </Filter>
    <Filter Include="02.GameObject\02.Logo">
      <UniqueIdentifier>{6e3ecc34-09e4-48a8-b8b4-f1dd9d96c681}</UniqueIdentifier>
    </Filter>
    <Filter Include="02.GameObject\03.Title">
      <UniqueIdentifier>{c6f20a96-3c8d-4d61-acd8-53abeea0b007}</UniqueIdentifier>
    </Filter>
    <Filter Include="01.Maps\01.Loading">
      <UniqueIdentifier>{6fc0b5cb-e4c3-4c8d-8e2e-a4ec808b25df}</UniqueIdentifier>
    </Filter>
    <Filter Include="01.Maps\01.Loading\00.Main">
      <UniqueIdentifier>{5dcfd4fd-53e9-4d25-9f95-e6c74bf995c3}</UniqueIdentifier>
    </Filter>
    <Filter Include="01.Maps\01.Loading\99.Loading">
      <UniqueIdentifier>{814671e8-a5e5-4a42-bd28-012b1744737d}</UniqueIdentifier>
    </Filter>
    <Filter Include="01.Maps\02.Logo">
      <UniqueIdentifier>{f9f8ae9e-d45b-4aea-93db-52b3d0ea79d6}</UniqueIdentifier>
    </Filter>
    <Filter Include="01.Maps\03.Title">
      <UniqueIdentifier>{8c305b83-6566-4ea4-9b5a-49bd9e062009}</UniqueIdentifier>
    </Filter>
    <Filter Include="02.GameObject\00.Public">
      <UniqueIdentifier>{660aeb5f-c069-42dd-a6c5-03c98bb19ca8}</UniqueIdentifier>
    </Filter>
    <Filter Include="02.GameObject\00.Public\01.MainCamera">
      <UniqueIdentifier>{30e941f1-40a4-42d5-bc42-286d5fc2c8e6}</UniqueIdentifier>
    </Filter>
    <Filter Include="02.GameObject\00.Public\02.SubCamera">
      <UniqueIdentifier>{4b2392a0-3625-4b99-8237-885ba87b80b5}</UniqueIdentifier>
    </Filter>
    <Filter Include="02.GameObject\99.Stage%28Test%29">
      <UniqueIdentifier>{3a31bfe3-5c29-46d4-83e7-8849231704c5}</UniqueIdentifier>
    </Filter>
    <Filter Include="02.GameObject\99.Stage%28Test%29\02.Terrain">
      <UniqueIdentifier>{704afc64-374d-4351-86c5-3f01bb2ccb2e}</UniqueIdentifier>
    </Filter>
    <Filter Include="01.Maps\99.Stage%28Test%29">
      <UniqueIdentifier>{112fc71b-614e-424a-b3ab-164e9e68c037}</UniqueIdentifier>
    </Filter>
    <Filter Include="02.GameObject\04.Stage_Tree">
      <UniqueIdentifier>{9b2ce05d-80d0-464d-8dce-5a75d40f42db}</UniqueIdentifier>
    </Filter>
    <Filter Include="02.GameObject\99.Stage%28Test%29\01.Player">
      <UniqueIdentifier>{b134e824-3c41-4f85-8703-7c00321fcce5}</UniqueIdentifier>
    </Filter>
    <Filter Include="96.DataBase">
      <UniqueIdentifier>{9d471ce0-e768-450b-9d91-9b678d9ec778}</UniqueIdentifier>
    </Filter>
    <Filter Include="02.GameObject\05.Effect/Particle">
      <UniqueIdentifier>{4034cc9d-5a92-4ac0-ac7d-533f2b23bdc9}</UniqueIdentifier>
    </Filter>
    <Filter Include="02.GameObject\05.Effect/Particle\3D">
      <UniqueIdentifier>{bbc8ca2e-31e3-4a88-ba86-0624f18e40f5}</UniqueIdentifier>
    </Filter>
    <Filter Include="02.GameObject\05.Effect/Particle\3D\00.RespawnTunnel">
      <UniqueIdentifier>{571d88ca-fe85-4b2f-a090-6bbccd9e5679}</UniqueIdentifier>
    </Filter>
    <Filter Include="95.Effect_Generator">
      <UniqueIdentifier>{1efce119-1cf1-4fab-92f2-6371aba8b2a3}</UniqueIdentifier>
    </Filter>
    <Filter Include="02.GameObject\99.Stage%28Test%29\03.Env">
      <UniqueIdentifier>{f2b26437-be50-49fb-ab11-bdedab09dd5b}</UniqueIdentifier>
    </Filter>
    <Filter Include="02.GameObject\05.Effect/Particle\2D/Point">
      <UniqueIdentifier>{f1297b94-aa6d-4d1e-9f97-4bfe51b57a14}</UniqueIdentifier>
    </Filter>
    <Filter Include="02.GameObject\05.Effect/Particle\2D/Point\Smoke">
      <UniqueIdentifier>{d69c61a0-2dcc-4700-b565-44e359f06816}</UniqueIdentifier>
    </Filter>
    <Filter Include="02.GameObject\05.Effect/Particle\2D/Point\Smoke\00.Walking_Smoke">
      <UniqueIdentifier>{04cb3247-05c6-4c7f-a7f1-64176fb9a4f1}</UniqueIdentifier>
    </Filter>
    <Filter Include="02.GameObject\05.Effect/Particle\2D/Point\Smoke\01.Landing_Smoke">
      <UniqueIdentifier>{5268a6b4-0c71-43a4-b934-31ce7bc3a010}</UniqueIdentifier>
    </Filter>
    <Filter Include="02.GameObject\05.Effect/Particle\2D/Point\Smoke\02.RespawnTunnel_Smoke">
      <UniqueIdentifier>{536a0e19-aa1f-4e8d-a60f-a160ab01514a}</UniqueIdentifier>
    </Filter>
    <Filter Include="02.GameObject\05.Effect/Particle\2D/Point\99.DummyEffect">
      <UniqueIdentifier>{2597e457-f059-48c4-ac26-d228360d5248}</UniqueIdentifier>
    </Filter>
    <Filter Include="02.GameObject\05.Effect/Particle\2D/Point\Member">
      <UniqueIdentifier>{2d113bd5-2e8a-454e-ae74-7e78d42a438b}</UniqueIdentifier>
    </Filter>
    <Filter Include="02.GameObject\05.Effect/Particle\2D/Point\Member\00.FireDoor">
      <UniqueIdentifier>{c64558d0-50ff-40c0-8322-0064f0b61528}</UniqueIdentifier>
    </Filter>
    <Filter Include="02.GameObject\05.Effect/Particle\2D/Rect">
      <UniqueIdentifier>{f180cbf3-2d57-4520-b579-6f6eda0e713e}</UniqueIdentifier>
    </Filter>
    <Filter Include="02.GameObject\05.Effect/Particle\2D/Rect\Dash">
      <UniqueIdentifier>{0d8baa14-37cc-4ac6-9958-4521a5dab802}</UniqueIdentifier>
    </Filter>
    <Filter Include="02.GameObject\03.Character">
      <UniqueIdentifier>{7e996727-b5b0-41d9-b6b8-6b873902fd9e}</UniqueIdentifier>
    </Filter>
    <Filter Include="02.GameObject\03.Character\99.Parent">
      <UniqueIdentifier>{0b5865f1-2eda-4ced-acc0-09423f134b86}</UniqueIdentifier>
    </Filter>
    <Filter Include="02.GameObject\03.Character\00.Cody">
      <UniqueIdentifier>{a3785dbd-545e-4a19-b04f-e50b3e2ac4af}</UniqueIdentifier>
    </Filter>
    <Filter Include="02.GameObject\03.Character\01.May">
      <UniqueIdentifier>{49acfb49-2074-4d96-9c3b-229603d013ec}</UniqueIdentifier>
    </Filter>
    <Filter Include="02.GameObject\03.Character\03.Boss">
      <UniqueIdentifier>{97f33821-55ec-4e25-853a-bb4f0faf6f7c}</UniqueIdentifier>
    </Filter>
    <Filter Include="02.GameObject\03.Character\03.Boss\00.UFO">
      <UniqueIdentifier>{a1a80e33-62b7-46e8-9030-d0f0d0245370}</UniqueIdentifier>
    </Filter>
    <Filter Include="02.GameObject\03.Character\03.Boss\01.MoonBaboon">
      <UniqueIdentifier>{f25b4c8e-4beb-4ec5-9404-fd56a08a7591}</UniqueIdentifier>
    </Filter>
    <Filter Include="96.DataStorage">
      <UniqueIdentifier>{379b017d-b2c8-43b5-a4d7-c8af77937423}</UniqueIdentifier>
    </Filter>
    <Filter Include="02.GameObject\05.Effect/Particle\2D/Point\Cody/May">
      <UniqueIdentifier>{611bc1d3-0276-4f21-b082-4231462adca0}</UniqueIdentifier>
    </Filter>
    <Filter Include="02.GameObject\05.Effect/Particle\2D/Point\Cody/May\00.Dead_Effect">
      <UniqueIdentifier>{25a9338e-4725-412e-b28b-91fa9da3c1b9}</UniqueIdentifier>
    </Filter>
    <Filter Include="02.GameObject\05.Effect/Particle\2D/Point\Cody/May\00.Dead_Effect\Dead_Particle">
      <UniqueIdentifier>{40f62ada-3b9b-4df1-b0b0-07d2420974ba}</UniqueIdentifier>
    </Filter>
    <Filter Include="02.GameObject\05.Effect/Particle\3D\01.RespawnTunnel_Portal">
      <UniqueIdentifier>{7d4c2d2d-d347-4771-b7b6-dbd3daee18be}</UniqueIdentifier>
    </Filter>
    <Filter Include="02.GameObject\05.Effect/Particle\3D\02.Wormhole">
      <UniqueIdentifier>{dac8b6db-4fef-46a2-8e97-07dea945da6c}</UniqueIdentifier>
    </Filter>
    <Filter Include="02.GameObject\05.Effect/Particle\2D/Point\Cody/May\01.Revive_Effect">
      <UniqueIdentifier>{9657cfa3-22bc-48ee-b205-3d702b0af337}</UniqueIdentifier>
    </Filter>
    <Filter Include="02.GameObject\05.Effect/Particle\2D/Point\Cody/May\02.CodySize">
      <UniqueIdentifier>{f386c037-a6cf-4f8a-b0c5-48b528993dc8}</UniqueIdentifier>
    </Filter>
    <Filter Include="97.ShaderFiles\01.Codes\00.Effect">
      <UniqueIdentifier>{61c62b4e-19bc-4143-8975-a999c1978874}</UniqueIdentifier>
    </Filter>
  </ItemGroup>
  <ItemGroup>
    <ClInclude Include="Client.h">
      <Filter>99.Defaults</Filter>
    </ClInclude>
    <ClInclude Include="Resource.h">
      <Filter>99.Defaults</Filter>
    </ClInclude>
    <ClInclude Include="stdafx.h">
      <Filter>99.Defaults</Filter>
    </ClInclude>
    <ClInclude Include="..\public\Client_Defines.h">
      <Filter>98.Defines</Filter>
    </ClInclude>
    <ClInclude Include="..\public\MainApp.h">
      <Filter>00.MainApp</Filter>
    </ClInclude>
    <ClInclude Include="..\public\Level_Loading.h">
      <Filter>01.Maps\01.Loading\00.Main</Filter>
    </ClInclude>
    <ClInclude Include="..\public\Loading.h">
      <Filter>01.Maps\01.Loading\99.Loading</Filter>
    </ClInclude>
    <ClInclude Include="..\bin\ShaderFiles\Shader_Defines.hpp">
      <Filter>97.ShaderFiles\00.Defines</Filter>
    </ClInclude>
    <ClInclude Include="targetver.h">
      <Filter>99.Defaults</Filter>
    </ClInclude>
    <ClInclude Include="..\Public\Client_Enum.h">
      <Filter>98.Defines</Filter>
    </ClInclude>
    <ClInclude Include="..\Public\Terrain.h">
      <Filter>02.GameObject\99.Stage%28Test%29\02.Terrain</Filter>
    </ClInclude>
    <ClInclude Include="..\Public\MainCamera.h">
      <Filter>02.GameObject\00.Public\01.MainCamera</Filter>
    </ClInclude>
    <ClInclude Include="..\public\Level_Stage.h">
      <Filter>01.Maps\99.Stage%28Test%29</Filter>
    </ClInclude>
    <ClInclude Include="..\Public\SubCamera.h">
      <Filter>02.GameObject\00.Public\02.SubCamera</Filter>
    </ClInclude>
    <ClInclude Include="..\public\Effect_Generator.h">
      <Filter>95.Effect_Generator</Filter>
    </ClInclude>
    <ClInclude Include="..\Public\Player.h">
      <Filter>02.GameObject\99.Stage%28Test%29\01.Player</Filter>
    </ClInclude>
    <ClInclude Include="..\Public\Cody.h">
      <Filter>02.GameObject\03.Character\00.Cody</Filter>
    </ClInclude>
    <ClInclude Include="..\Public\Character.h">
      <Filter>02.GameObject\03.Character\99.Parent</Filter>
    </ClInclude>
    <ClInclude Include="..\public\DataBase.h">
      <Filter>96.DataBase</Filter>
    </ClInclude>
    <ClInclude Include="..\Public\May.h">
      <Filter>02.GameObject\03.Character\01.May</Filter>
    </ClInclude>
    <ClInclude Include="..\public\TileBox.h">
      <Filter>02.GameObject\99.Stage%28Test%29\03.Env</Filter>
    </ClInclude>
    <ClInclude Include="..\Public\TestEffect.h">
      <Filter>02.GameObject\05.Effect/Particle\2D/Point\99.DummyEffect</Filter>
    </ClInclude>
    <ClInclude Include="..\public\Test_EnvObject.h">
      <Filter>02.GameObject\99.Stage%28Test%29\03.Env</Filter>
    </ClInclude>
    <ClInclude Include="Effect_Dash.h">
      <Filter>02.GameObject\05.Effect/Particle\2D/Rect\Dash</Filter>
    </ClInclude>
    <ClInclude Include="..\Public\MoonBaboon.h">
      <Filter>02.GameObject\03.Character\03.Boss\01.MoonBaboon</Filter>
    </ClInclude>
    <ClInclude Include="..\Public\UFO.h">
      <Filter>02.GameObject\03.Character\03.Boss\00.UFO</Filter>
    </ClInclude>
    <ClInclude Include="Client_Animation_Index_Define.h">
      <Filter>98.Defines</Filter>
    </ClInclude>
    <ClInclude Include="..\public\DataStorage.h">
      <Filter>96.DataStorage</Filter>
    </ClInclude>
    <ClInclude Include="..\public\Effect_Wormhole.h">
      <Filter>02.GameObject\05.Effect/Particle\3D\02.Wormhole</Filter>
    </ClInclude>
    <ClInclude Include="..\Public\InGameEffect.h">
      <Filter>02.GameObject\05.Effect/Particle\2D/Point</Filter>
    </ClInclude>
    <ClInclude Include="..\Public\InGameEffect_Rect.h">
      <Filter>02.GameObject\05.Effect/Particle\2D/Rect</Filter>
    </ClInclude>
    <ClInclude Include="..\public\InGameEffect_Model.h">
      <Filter>02.GameObject\05.Effect/Particle\3D</Filter>
    </ClInclude>
    <ClInclude Include="..\public\Effect_Player_Revive.h">
      <Filter>02.GameObject\05.Effect/Particle\2D/Point\Cody/May\01.Revive_Effect</Filter>
    </ClInclude>
    <ClInclude Include="..\public\Effect_Player_Dead.h">
      <Filter>02.GameObject\05.Effect/Particle\2D/Point\Cody/May\00.Dead_Effect</Filter>
    </ClInclude>
    <ClInclude Include="..\public\Effect_Player_Dead_Particle.h">
      <Filter>02.GameObject\05.Effect/Particle\2D/Point\Cody/May\00.Dead_Effect\Dead_Particle</Filter>
    </ClInclude>
    <ClInclude Include="..\public\Effect_FireDoor.h">
      <Filter>02.GameObject\05.Effect/Particle\2D/Point\Member\00.FireDoor</Filter>
    </ClInclude>
    <ClInclude Include="..\Public\Effect_Walking_Smoke.h">
      <Filter>02.GameObject\05.Effect/Particle\2D/Point\Smoke\00.Walking_Smoke</Filter>
    </ClInclude>
    <ClInclude Include="..\public\Effect_RespawnTunnel.h">
      <Filter>02.GameObject\05.Effect/Particle\3D\00.RespawnTunnel</Filter>
    </ClInclude>
    <ClInclude Include="..\public\Effect_RespawnTunnel_Portal.h">
      <Filter>02.GameObject\05.Effect/Particle\3D\01.RespawnTunnel_Portal</Filter>
    </ClInclude>
    <ClInclude Include="..\public\Effect_Landing_Smoke.h">
      <Filter>02.GameObject\05.Effect/Particle\2D/Point\Smoke\01.Landing_Smoke</Filter>
    </ClInclude>
    <ClInclude Include="..\public\Effect_RespawnTunnel_Smoke.h">
      <Filter>02.GameObject\05.Effect/Particle\2D/Point\Smoke\02.RespawnTunnel_Smoke</Filter>
    </ClInclude>
    <ClInclude Include="..\public\Effect_Cody_Size.h">
      <Filter>02.GameObject\05.Effect/Particle\2D/Point\Cody/May\02.CodySize</Filter>
    </ClInclude>
    <ClInclude Include="..\Public\Effect_Color.txt">
      <Filter>02.GameObject\05.Effect/Particle</Filter>
    </ClInclude>
  </ItemGroup>
  <ItemGroup>
    <ClCompile Include="Client.cpp">
      <Filter>99.Defaults</Filter>
    </ClCompile>
    <ClCompile Include="stdafx.cpp">
      <Filter>99.Defaults</Filter>
    </ClCompile>
    <ClCompile Include="..\private\MainApp.cpp">
      <Filter>00.MainApp</Filter>
    </ClCompile>
    <ClCompile Include="..\private\Level_Loading.cpp">
      <Filter>01.Maps\01.Loading\00.Main</Filter>
    </ClCompile>
    <ClCompile Include="..\private\Loading.cpp">
      <Filter>01.Maps\01.Loading\99.Loading</Filter>
    </ClCompile>
    <ClCompile Include="..\Private\Terrain.cpp">
      <Filter>02.GameObject\99.Stage%28Test%29\02.Terrain</Filter>
    </ClCompile>
    <ClCompile Include="..\Private\MainCamera.cpp">
      <Filter>02.GameObject\00.Public\01.MainCamera</Filter>
    </ClCompile>
    <ClCompile Include="..\private\Level_Stage.cpp">
      <Filter>01.Maps\99.Stage%28Test%29</Filter>
    </ClCompile>
    <ClCompile Include="..\Private\SubCamera.cpp">
      <Filter>02.GameObject\00.Public\02.SubCamera</Filter>
    </ClCompile>
    <ClCompile Include="..\private\Effect_Generator.cpp">
      <Filter>95.Effect_Generator</Filter>
    </ClCompile>
    <ClCompile Include="..\Private\Player.cpp">
      <Filter>02.GameObject\99.Stage%28Test%29\01.Player</Filter>
    </ClCompile>
    <ClCompile Include="..\Private\Cody.cpp">
      <Filter>02.GameObject\03.Character\00.Cody</Filter>
    </ClCompile>
    <ClCompile Include="..\Private\Character.cpp">
      <Filter>02.GameObject\03.Character\99.Parent</Filter>
    </ClCompile>
    <ClCompile Include="..\private\DataBase.cpp">
      <Filter>96.DataBase</Filter>
    </ClCompile>
    <ClCompile Include="..\Private\May.cpp">
      <Filter>02.GameObject\03.Character\01.May</Filter>
    </ClCompile>
    <ClCompile Include="..\private\TileBox.cpp">
      <Filter>02.GameObject\99.Stage%28Test%29\03.Env</Filter>
    </ClCompile>
    <ClCompile Include="..\Private\TestEffect.cpp">
      <Filter>02.GameObject\05.Effect/Particle\2D/Point\99.DummyEffect</Filter>
    </ClCompile>
    <ClCompile Include="..\private\Test_EnvObject.cpp">
      <Filter>02.GameObject\99.Stage%28Test%29\03.Env</Filter>
    </ClCompile>
    <ClCompile Include="Effect_Dash.cpp">
      <Filter>02.GameObject\05.Effect/Particle\2D/Rect\Dash</Filter>
    </ClCompile>
    <ClCompile Include="..\Private\MoonBaboon.cpp">
      <Filter>02.GameObject\03.Character\03.Boss\01.MoonBaboon</Filter>
    </ClCompile>
    <ClCompile Include="..\Private\UFO.cpp">
      <Filter>02.GameObject\03.Character\03.Boss\00.UFO</Filter>
    </ClCompile>
    <ClCompile Include="..\private\DataStorage.cpp">
      <Filter>96.DataStorage</Filter>
    </ClCompile>
    <ClCompile Include="..\private\Effect_Wormhole.cpp">
      <Filter>02.GameObject\05.Effect/Particle\3D\02.Wormhole</Filter>
    </ClCompile>
    <ClCompile Include="..\Private\InGameEffect.cpp">
      <Filter>02.GameObject\05.Effect/Particle\2D/Point</Filter>
    </ClCompile>
    <ClCompile Include="..\Private\InGameEffect_Rect.cpp">
      <Filter>02.GameObject\05.Effect/Particle\2D/Rect</Filter>
    </ClCompile>
    <ClCompile Include="..\private\InGameEffect_Model.cpp">
      <Filter>02.GameObject\05.Effect/Particle\3D</Filter>
    </ClCompile>
    <ClCompile Include="..\private\Effect_Player_Revive.cpp">
      <Filter>02.GameObject\05.Effect/Particle\2D/Point\Cody/May\01.Revive_Effect</Filter>
    </ClCompile>
    <ClCompile Include="..\private\Effect_Player_Dead.cpp">
      <Filter>02.GameObject\05.Effect/Particle\2D/Point\Cody/May\00.Dead_Effect</Filter>
    </ClCompile>
    <ClCompile Include="..\private\Effect_Player_Dead_Particle.cpp">
      <Filter>02.GameObject\05.Effect/Particle\2D/Point\Cody/May\00.Dead_Effect\Dead_Particle</Filter>
    </ClCompile>
    <ClCompile Include="..\private\Effect_FireDoor.cpp">
      <Filter>02.GameObject\05.Effect/Particle\2D/Point\Member\00.FireDoor</Filter>
    </ClCompile>
    <ClCompile Include="..\Private\Effect_Walking_Smoke.cpp">
      <Filter>02.GameObject\05.Effect/Particle\2D/Point\Smoke\00.Walking_Smoke</Filter>
    </ClCompile>
    <ClCompile Include="..\private\Effect_RespawnTunnel.cpp">
      <Filter>02.GameObject\05.Effect/Particle\3D\00.RespawnTunnel</Filter>
    </ClCompile>
    <ClCompile Include="..\private\Effect_RespawnTunnel_Portal.cpp">
      <Filter>02.GameObject\05.Effect/Particle\3D\01.RespawnTunnel_Portal</Filter>
    </ClCompile>
    <ClCompile Include="..\private\Effect_Landing_Smoke.cpp">
      <Filter>02.GameObject\05.Effect/Particle\2D/Point\Smoke\01.Landing_Smoke</Filter>
    </ClCompile>
    <ClCompile Include="..\private\Effect_RespawnTunnel_Smoke.cpp">
      <Filter>02.GameObject\05.Effect/Particle\2D/Point\Smoke\02.RespawnTunnel_Smoke</Filter>
    </ClCompile>
    <ClCompile Include="..\private\Effect_Cody_Size.cpp">
      <Filter>02.GameObject\05.Effect/Particle\2D/Point\Cody/May\02.CodySize</Filter>
    </ClCompile>
  </ItemGroup>
  <ItemGroup>
    <Image Include="Client.ico">
      <Filter>99.Defaults</Filter>
    </Image>
    <Image Include="small.ico">
      <Filter>99.Defaults</Filter>
    </Image>
  </ItemGroup>
  <ItemGroup>
    <ResourceCompile Include="Client.rc">
      <Filter>99.Defaults</Filter>
    </ResourceCompile>
  </ItemGroup>
  <ItemGroup>
    <Text Include="ReadMe.txt">
      <Filter>99.Defaults</Filter>
    </Text>
  </ItemGroup>
  <ItemGroup>
    <FxCompile Include="..\bin\ShaderFiles\Shader_Terrain.hlsl">
      <Filter>97.ShaderFiles\01.Codes</Filter>
    </FxCompile>
    <FxCompile Include="..\Bin\ShaderFiles\Shader_Default.hlsl">
      <Filter>97.ShaderFiles\01.Codes</Filter>
    </FxCompile>
    <FxCompile Include="..\Bin\ShaderFiles\Shader_Mesh.hlsl">
      <Filter>97.ShaderFiles\01.Codes</Filter>
    </FxCompile>
    <FxCompile Include="..\Bin\ShaderFiles\Shader_MeshInstance.hlsl">
      <Filter>97.ShaderFiles\01.Codes</Filter>
    </FxCompile>
    <FxCompile Include="..\Bin\ShaderFiles\Shader_PointCustom.hlsl">
      <Filter>97.ShaderFiles\01.Codes\00.Effect</Filter>
    </FxCompile>
    <FxCompile Include="..\Bin\ShaderFiles\Shader_Rect.hlsl">
      <Filter>97.ShaderFiles\01.Codes\00.Effect</Filter>
    </FxCompile>
    <FxCompile Include="..\Bin\ShaderFiles\Shader_RectCustom.hlsl">
      <Filter>97.ShaderFiles\01.Codes\00.Effect</Filter>
    </FxCompile>
    <FxCompile Include="..\Bin\ShaderFiles\Shader_MeshEffect.hlsl">
      <Filter>97.ShaderFiles\01.Codes\00.Effect</Filter>
    </FxCompile>
  </ItemGroup>
</Project>