<?xml version="1.0" encoding="utf-8"?>
<Project ToolsVersion="4.0" xmlns="http://schemas.microsoft.com/developer/msbuild/2003">
  <ItemGroup>
    <Filter Include="00.MainApp">
      <UniqueIdentifier>{ac2e782c-7cbb-421b-b3db-c35c37ae1116}</UniqueIdentifier>
    </Filter>
    <Filter Include="98.Defines">
      <UniqueIdentifier>{02a0b492-7ccd-483f-8441-fe7b7135e931}</UniqueIdentifier>
    </Filter>
    <Filter Include="99.Defaults">
      <UniqueIdentifier>{bd08a84f-5227-402a-b34d-cb600cdb4b97}</UniqueIdentifier>
    </Filter>
    <Filter Include="01.Maps">
      <UniqueIdentifier>{62c69ada-489e-49d0-bbf1-18742158623f}</UniqueIdentifier>
    </Filter>
    <Filter Include="97.ShaderFiles">
      <UniqueIdentifier>{395ace26-c26e-4237-9031-47429a7fd067}</UniqueIdentifier>
    </Filter>
    <Filter Include="02.GameObject">
      <UniqueIdentifier>{b604bc39-7ea2-4ccb-a98b-f89e2d0279b7}</UniqueIdentifier>
    </Filter>
    <Filter Include="02.GameObject\01.Loading">
      <UniqueIdentifier>{ac29aab8-7d55-49ae-bb11-1270e2049714}</UniqueIdentifier>
    </Filter>
    <Filter Include="02.GameObject\02.Logo">
      <UniqueIdentifier>{6e3ecc34-09e4-48a8-b8b4-f1dd9d96c681}</UniqueIdentifier>
    </Filter>
    <Filter Include="02.GameObject\03.Title">
      <UniqueIdentifier>{c6f20a96-3c8d-4d61-acd8-53abeea0b007}</UniqueIdentifier>
    </Filter>
    <Filter Include="01.Maps\01.Loading">
      <UniqueIdentifier>{6fc0b5cb-e4c3-4c8d-8e2e-a4ec808b25df}</UniqueIdentifier>
    </Filter>
    <Filter Include="01.Maps\01.Loading\00.Main">
      <UniqueIdentifier>{5dcfd4fd-53e9-4d25-9f95-e6c74bf995c3}</UniqueIdentifier>
    </Filter>
    <Filter Include="01.Maps\01.Loading\99.Loading">
      <UniqueIdentifier>{814671e8-a5e5-4a42-bd28-012b1744737d}</UniqueIdentifier>
    </Filter>
    <Filter Include="01.Maps\02.Logo">
      <UniqueIdentifier>{f9f8ae9e-d45b-4aea-93db-52b3d0ea79d6}</UniqueIdentifier>
    </Filter>
    <Filter Include="01.Maps\03.Title">
      <UniqueIdentifier>{8c305b83-6566-4ea4-9b5a-49bd9e062009}</UniqueIdentifier>
    </Filter>
    <Filter Include="02.GameObject\00.Public">
      <UniqueIdentifier>{660aeb5f-c069-42dd-a6c5-03c98bb19ca8}</UniqueIdentifier>
    </Filter>
    <Filter Include="02.GameObject\00.Public\01.MainCamera">
      <UniqueIdentifier>{30e941f1-40a4-42d5-bc42-286d5fc2c8e6}</UniqueIdentifier>
    </Filter>
    <Filter Include="02.GameObject\00.Public\02.SubCamera">
      <UniqueIdentifier>{4b2392a0-3625-4b99-8237-885ba87b80b5}</UniqueIdentifier>
    </Filter>
    <Filter Include="02.GameObject\99.Stage%28Test%29">
      <UniqueIdentifier>{3a31bfe3-5c29-46d4-83e7-8849231704c5}</UniqueIdentifier>
    </Filter>
    <Filter Include="02.GameObject\99.Stage%28Test%29\02.Terrain">
      <UniqueIdentifier>{704afc64-374d-4351-86c5-3f01bb2ccb2e}</UniqueIdentifier>
    </Filter>
    <Filter Include="01.Maps\99.Stage%28Test%29">
      <UniqueIdentifier>{112fc71b-614e-424a-b3ab-164e9e68c037}</UniqueIdentifier>
    </Filter>
    <Filter Include="02.GameObject\99.Stage%28Test%29\01.Player">
      <UniqueIdentifier>{b134e824-3c41-4f85-8703-7c00321fcce5}</UniqueIdentifier>
    </Filter>
    <Filter Include="02.GameObject\05.Effect/Particle">
      <UniqueIdentifier>{4034cc9d-5a92-4ac0-ac7d-533f2b23bdc9}</UniqueIdentifier>
    </Filter>
    <Filter Include="02.GameObject\05.Effect/Particle\3D">
      <UniqueIdentifier>{bbc8ca2e-31e3-4a88-ba86-0624f18e40f5}</UniqueIdentifier>
    </Filter>
    <Filter Include="95.Effect_Generator">
      <UniqueIdentifier>{1efce119-1cf1-4fab-92f2-6371aba8b2a3}</UniqueIdentifier>
    </Filter>
    <Filter Include="02.GameObject\99.Stage%28Test%29\03.Env">
      <UniqueIdentifier>{f2b26437-be50-49fb-ab11-bdedab09dd5b}</UniqueIdentifier>
    </Filter>
    <Filter Include="02.GameObject\05.Effect/Particle\2D/Point">
      <UniqueIdentifier>{f1297b94-aa6d-4d1e-9f97-4bfe51b57a14}</UniqueIdentifier>
    </Filter>
    <Filter Include="02.GameObject\05.Effect/Particle\2D/Point\99.DummyEffect">
      <UniqueIdentifier>{2597e457-f059-48c4-ac26-d228360d5248}</UniqueIdentifier>
    </Filter>
    <Filter Include="02.GameObject\05.Effect/Particle\2D/Rect">
      <UniqueIdentifier>{f180cbf3-2d57-4520-b579-6f6eda0e713e}</UniqueIdentifier>
    </Filter>
    <Filter Include="02.GameObject\05.Effect/Particle\2D/Rect\Dash">
      <UniqueIdentifier>{0d8baa14-37cc-4ac6-9958-4521a5dab802}</UniqueIdentifier>
    </Filter>
    <Filter Include="02.GameObject\03.Character">
      <UniqueIdentifier>{7e996727-b5b0-41d9-b6b8-6b873902fd9e}</UniqueIdentifier>
    </Filter>
    <Filter Include="02.GameObject\03.Character\99.Parent">
      <UniqueIdentifier>{0b5865f1-2eda-4ced-acc0-09423f134b86}</UniqueIdentifier>
    </Filter>
    <Filter Include="02.GameObject\03.Character\00.Cody">
      <UniqueIdentifier>{a3785dbd-545e-4a19-b04f-e50b3e2ac4af}</UniqueIdentifier>
    </Filter>
    <Filter Include="02.GameObject\03.Character\01.May">
      <UniqueIdentifier>{49acfb49-2074-4d96-9c3b-229603d013ec}</UniqueIdentifier>
    </Filter>
    <Filter Include="02.GameObject\03.Character\03.Boss">
      <UniqueIdentifier>{97f33821-55ec-4e25-853a-bb4f0faf6f7c}</UniqueIdentifier>
    </Filter>
    <Filter Include="02.GameObject\03.Character\03.Boss\00.UFO">
      <UniqueIdentifier>{a1a80e33-62b7-46e8-9030-d0f0d0245370}</UniqueIdentifier>
    </Filter>
    <Filter Include="02.GameObject\03.Character\03.Boss\01.MoonBaboon">
      <UniqueIdentifier>{f25b4c8e-4beb-4ec5-9404-fd56a08a7591}</UniqueIdentifier>
    </Filter>
    <Filter Include="96.DataStorage">
      <UniqueIdentifier>{379b017d-b2c8-43b5-a4d7-c8af77937423}</UniqueIdentifier>
    </Filter>
    <Filter Include="02.GameObject\00.Public\03.Cam_Helper">
      <UniqueIdentifier>{a3a6fff7-bf95-4b71-a03c-4caea40e84ed}</UniqueIdentifier>
    </Filter>
    <Filter Include="02.GameObject\00.Public\03.Cam_Helper\Film">
      <UniqueIdentifier>{25fa91e7-22b9-488f-a881-4902b0783881}</UniqueIdentifier>
    </Filter>
    <Filter Include="02.GameObject\05.Effect/Particle\2D/Point\Cody/May">
      <UniqueIdentifier>{611bc1d3-0276-4f21-b082-4231462adca0}</UniqueIdentifier>
    </Filter>
    <Filter Include="02.GameObject\05.Effect/Particle\2D/Point\Cody/May\00.Dead_Effect">
      <UniqueIdentifier>{25a9338e-4725-412e-b28b-91fa9da3c1b9}</UniqueIdentifier>
    </Filter>
    <Filter Include="02.GameObject\05.Effect/Particle\2D/Point\Cody/May\00.Dead_Effect\Dead_Particle">
      <UniqueIdentifier>{40f62ada-3b9b-4df1-b0b0-07d2420974ba}</UniqueIdentifier>
    </Filter>
    <Filter Include="02.GameObject\05.Effect/Particle\2D/Point\Cody/May\01.Revive_Effect">
      <UniqueIdentifier>{9657cfa3-22bc-48ee-b205-3d702b0af337}</UniqueIdentifier>
    </Filter>
    <Filter Include="02.GameObject\98.Interactive_Objects">
      <UniqueIdentifier>{80b9488d-6107-4ad3-ab4d-9ba4db640228}</UniqueIdentifier>
    </Filter>
    <Filter Include="02.GameObject\98.Interactive_Objects\00.Rocket">
      <UniqueIdentifier>{a4d27e3c-4021-47f3-bb3c-081dd7fb5758}</UniqueIdentifier>
    </Filter>
    <Filter Include="02.GameObject\98.Interactive_Objects\01.StarBuddy">
      <UniqueIdentifier>{6be15374-eb26-4929-8e60-d673bd18461d}</UniqueIdentifier>
    </Filter>
    <Filter Include="02.GameObject\98.Interactive_Objects\02.SecurityCamera">
      <UniqueIdentifier>{db7e22fc-29b8-4ab2-a9be-83636efb01da}</UniqueIdentifier>
    </Filter>
    <Filter Include="02.GameObject\98.Interactive_Objects\03.Robot">
      <UniqueIdentifier>{cb5078d5-ca2a-48ea-ab02-93109613a458}</UniqueIdentifier>
    </Filter>
    <Filter Include="97.ShaderFiles\Include">
      <UniqueIdentifier>{87727c9a-6160-4971-88de-e99cb7b2333a}</UniqueIdentifier>
    </Filter>
    <Filter Include="02.GameObject\00.Public\04.GrindLine">
      <UniqueIdentifier>{5afae0a9-03c7-460f-9b5c-96a5c6791b03}</UniqueIdentifier>
    </Filter>
    <Filter Include="97.ShaderFiles\00.Effect">
      <UniqueIdentifier>{3c9102f7-871d-4ebb-8efa-a1b2b8ffdb02}</UniqueIdentifier>
    </Filter>
    <Filter Include="02.GameObject\05.Effect/Particle\2D/Point\Object">
      <UniqueIdentifier>{2d113bd5-2e8a-454e-ae74-7e78d42a438b}</UniqueIdentifier>
    </Filter>
    <Filter Include="02.GameObject\05.Effect/Particle\2D/Point\Object\00.FireDoor">
      <UniqueIdentifier>{c64558d0-50ff-40c0-8322-0064f0b61528}</UniqueIdentifier>
    </Filter>
    <Filter Include="02.GameObject\05.Effect/Particle\2D/Point\Cody/May\03.May_Boots">
      <UniqueIdentifier>{76573e6b-e368-4e59-80ca-f6191ddb9f76}</UniqueIdentifier>
    </Filter>
    <Filter Include="02.GameObject\05.Effect/Particle\2D/Point\Cody/May\02.Cody_Size">
      <UniqueIdentifier>{f386c037-a6cf-4f8a-b0c5-48b528993dc8}</UniqueIdentifier>
    </Filter>
    <Filter Include="02.GameObject\05.Effect/Particle\2D/Point\Cody/May\04.May_Boots_Walking_Particle">
      <UniqueIdentifier>{0683420e-60af-4eb9-974e-0929e6185c9c}</UniqueIdentifier>
    </Filter>
    <Filter Include="02.GameObject\04.Stage_Space">
      <UniqueIdentifier>{9b2ce05d-80d0-464d-8dce-5a75d40f42db}</UniqueIdentifier>
    </Filter>
    <Filter Include="01.Maps\04.Stage_Space">
      <UniqueIdentifier>{5bbd0183-dea1-417a-b173-4e16c2288048}</UniqueIdentifier>
    </Filter>
    <Filter Include="02.GameObject\99.Stage%28Test%29\03.Test">
      <UniqueIdentifier>{f2b26437-be50-49fb-ab11-bdedab09dd5b}</UniqueIdentifier>
    </Filter>
    <Filter Include="02.GameObject\05.Effect/Particle\3D\Object">
      <UniqueIdentifier>{57086f47-9651-4c97-879a-fb50562cd8cf}</UniqueIdentifier>
    </Filter>
    <Filter Include="02.GameObject\05.Effect/Particle\3D\Object\00.RespawnTunnel">
      <UniqueIdentifier>{571d88ca-fe85-4b2f-a090-6bbccd9e5679}</UniqueIdentifier>
    </Filter>
    <Filter Include="02.GameObject\05.Effect/Particle\3D\Object\01.RespawnTunnel_Portal">
      <UniqueIdentifier>{7d4c2d2d-d347-4771-b7b6-dbd3daee18be}</UniqueIdentifier>
    </Filter>
    <Filter Include="02.GameObject\05.Effect/Particle\3D\Object\02.Wormhole">
      <UniqueIdentifier>{dac8b6db-4fef-46a2-8e97-07dea945da6c}</UniqueIdentifier>
    </Filter>
    <Filter Include="02.GameObject\05.Effect/Particle\3D\Object\03.Gravity_Pipe">
      <UniqueIdentifier>{1cdda357-4a1a-47f1-9b8f-3998a06a1e6b}</UniqueIdentifier>
    </Filter>
    <Filter Include="02.GameObject\05.UI">
      <UniqueIdentifier>{655701b4-ca8c-4776-ab23-332f0781581e}</UniqueIdentifier>
    </Filter>
    <Filter Include="02.GameObject\05.UI\99.UI_Generator">
      <UniqueIdentifier>{bd3f9c54-ec94-480a-ac35-1cd4435104d0}</UniqueIdentifier>
    </Filter>
    <Filter Include="02.GameObject\05.UI\00.Main">
      <UniqueIdentifier>{9d5bee89-c474-4dcf-8a8e-0ef5ff96d410}</UniqueIdentifier>
    </Filter>
    <Filter Include="02.GameObject\05.UI\01.InputButton">
      <UniqueIdentifier>{d9199cbc-2ae9-4773-afeb-f18849604ce2}</UniqueIdentifier>
    </Filter>
    <Filter Include="02.GameObject\05.UI\01.InputButton\00.Frame">
      <UniqueIdentifier>{4d84e6aa-f786-4cfe-b5af-558be0ab16c0}</UniqueIdentifier>
    </Filter>
    <Filter Include="02.GameObject\05.UI\01.InputButton\01.Button">
      <UniqueIdentifier>{6125b4bd-a6d4-4be5-b3cb-6ee056b3a81f}</UniqueIdentifier>
    </Filter>
    <Filter Include="02.GameObject\05.UI\02.PC_MouseButton">
      <UniqueIdentifier>{3c2d527a-22db-4fc8-a7c5-05df63b7b482}</UniqueIdentifier>
    </Filter>
    <Filter Include="02.GameObject\05.UI\03.ArrowKeys">
      <UniqueIdentifier>{bfd01cf1-003b-4352-b521-cb1c85869051}</UniqueIdentifier>
    </Filter>
    <Filter Include="02.GameObject\05.UI\03.ArrowKeys\00.Fill">
      <UniqueIdentifier>{6cd715f8-54d9-4c02-a292-f8479a2adc01}</UniqueIdentifier>
    </Filter>
    <Filter Include="02.GameObject\05.UI\03.ArrowKeys\01.Outline">
      <UniqueIdentifier>{d5a77603-7991-4752-b0d8-628b31ebc1ae}</UniqueIdentifier>
    </Filter>
    <Filter Include="02.GameObject\05.UI\04.PlayerMarker">
      <UniqueIdentifier>{12f10e88-ed42-4a3e-b44a-e48946eccdcd}</UniqueIdentifier>
    </Filter>
    <Filter Include="02.GameObject\05.UI\05.UISprite">
      <UniqueIdentifier>{fb9b183a-4b0c-435c-825a-f40f4b122c57}</UniqueIdentifier>
    </Filter>
    <Filter Include="02.GameObject\98.Interactive_Objects\03.Robot\Interaction">
      <UniqueIdentifier>{1c2f6626-67b0-482c-a1ec-122b03c25042}</UniqueIdentifier>
    </Filter>
    <Filter Include="02.GameObject\98.Interactive_Objects\03.Robot\NoneInteraction">
      <UniqueIdentifier>{52929ebb-0420-4a62-9b53-eddeed4bac1f}</UniqueIdentifier>
    </Filter>
    <Filter Include="02.GameObject\98.Interactive_Objects\04.TutorialDoor">
      <UniqueIdentifier>{6d013226-dd4d-47df-845f-f9034ed1d948}</UniqueIdentifier>
    </Filter>
    <Filter Include="02.GameObject\98.Interactive_Objects\05.BigButton">
      <UniqueIdentifier>{e542390a-f37e-411e-8fa0-b1338584a8eb}</UniqueIdentifier>
    </Filter>
    <Filter Include="02.GameObject\98.Interactive_Objects\06.SpaceValve">
      <UniqueIdentifier>{220b96f2-3a32-467d-a590-dc1504fa0045}</UniqueIdentifier>
    </Filter>
    <Filter Include="02.GameObject\98.Interactive_Objects\07.BigPlanet">
      <UniqueIdentifier>{cde19c6b-aaa3-40d0-8a31-9981b800428b}</UniqueIdentifier>
    </Filter>
    <Filter Include="02.GameObject\00.Public\03.Cam_Helper\CamEffect">
      <UniqueIdentifier>{fb6abacd-7350-4cd6-bc75-133e14471971}</UniqueIdentifier>
    </Filter>
    <Filter Include="02.GameObject\05.Effect/Particle\2D/Point\Env_Particle%28Member%29">
      <UniqueIdentifier>{3a519e7a-f348-4809-a94f-055799138e50}</UniqueIdentifier>
    </Filter>
    <Filter Include="02.GameObject\05.Effect/Particle\2D/Point\Cody/May\05.Walking_Smoke">
      <UniqueIdentifier>{04cb3247-05c6-4c7f-a7f1-64176fb9a4f1}</UniqueIdentifier>
    </Filter>
    <Filter Include="02.GameObject\05.Effect/Particle\2D/Point\Cody/May\06.Landing_Smoke">
      <UniqueIdentifier>{5268a6b4-0c71-43a4-b934-31ce7bc3a010}</UniqueIdentifier>
    </Filter>
    <Filter Include="02.GameObject\04.Stage_Space\01.Environment">
      <UniqueIdentifier>{e056b0e9-9d57-4825-aae6-dc4576b4077f}</UniqueIdentifier>
    </Filter>
    <Filter Include="02.GameObject\04.Stage_Space\01.Environment\Instancing_Env">
      <UniqueIdentifier>{0961f270-4107-4546-8b54-2207c540708a}</UniqueIdentifier>
    </Filter>
    <Filter Include="02.GameObject\04.Stage_Space\01.Environment\Static_Env">
      <UniqueIdentifier>{f3321f61-76e8-4d95-85e5-630c61340bbd}</UniqueIdentifier>
    </Filter>
    <Filter Include="02.GameObject\04.Stage_Space\01.Environment\Dynamic_Env">
      <UniqueIdentifier>{41e68147-d11e-4913-a0ba-ca2aa591f1a8}</UniqueIdentifier>
    </Filter>
    <Filter Include="02.GameObject\04.Stage_Space\01.Environment\Environment_Generator">
      <UniqueIdentifier>{a8d8c8a6-5681-43c5-bb21-cb5353391f70}</UniqueIdentifier>
    </Filter>
    <Filter Include="02.GameObject\06.Sky">
      <UniqueIdentifier>{0c3c56fc-0b42-45d2-a00b-17903a35f28e}</UniqueIdentifier>
    </Filter>
    <Filter Include="03.Component">
      <UniqueIdentifier>{6f424d55-06aa-4b07-a102-2829f8dd72e4}</UniqueIdentifier>
    </Filter>
    <Filter Include="03.Component\01.CameraActor">
      <UniqueIdentifier>{71f0cc81-3265-4b0d-9a45-cf89b506bd13}</UniqueIdentifier>
    </Filter>
    <Filter Include="03.Component\01.CameraActor\00.Main">
      <UniqueIdentifier>{0cbed854-cdf5-4121-8dab-ff10dad003dc}</UniqueIdentifier>
    </Filter>
    <Filter Include="03.Component\01.CameraActor\01.BehaviorCallback">
      <UniqueIdentifier>{68b731cf-de3f-4fda-b4e7-8040040943d1}</UniqueIdentifier>
    </Filter>
    <Filter Include="03.Component\01.CameraActor\02.FilterCallback">
      <UniqueIdentifier>{c1859efc-d3f6-40da-a6c5-24deb0b7e05b}</UniqueIdentifier>
    </Filter>
    <Filter Include="02.GameObject\05.Effect/Particle\2D/Point\Cody/May\00.Dead_Effect\Dead_Particle_Fire">
      <UniqueIdentifier>{813909d8-adec-49bd-8b16-338837defcda}</UniqueIdentifier>
    </Filter>
    <Filter Include="02.GameObject\98.Interactive_Objects\08.HookUFO">
      <UniqueIdentifier>{7f50933c-0671-40a9-ab76-5da48106a69e}</UniqueIdentifier>
    </Filter>
    <Filter Include="02.GameObject\04.Stage_Space\06.Yoon">
      <UniqueIdentifier>{307d7217-2819-471f-be94-d8cf74b19ac9}</UniqueIdentifier>
    </Filter>
    <Filter Include="02.GameObject\04.Stage_Space\03.Jung">
      <UniqueIdentifier>{fec661ad-31f9-4dec-b790-1b4cb09030ce}</UniqueIdentifier>
    </Filter>
    <Filter Include="02.GameObject\04.Stage_Space\02.Se">
      <UniqueIdentifier>{4fcd64c3-f491-4bc2-b03e-7ee6a2091478}</UniqueIdentifier>
    </Filter>
    <Filter Include="02.GameObject\04.Stage_Space\04.Hye">
      <UniqueIdentifier>{ade7861b-fc9f-4044-8e8a-b7432305af13}</UniqueIdentifier>
    </Filter>
    <Filter Include="02.GameObject\04.Stage_Space\05.Won">
      <UniqueIdentifier>{16b45242-49d0-49a2-a0ce-26a0faf7f9eb}</UniqueIdentifier>
    </Filter>
    <Filter Include="02.GameObject\04.Stage_Space\07.Jin">
      <UniqueIdentifier>{36cb6d5b-c440-4edb-bdcf-2cd582b022db}</UniqueIdentifier>
    </Filter>
    <Filter Include="02.GameObject\04.Stage_Space\08.Jun">
      <UniqueIdentifier>{0a4d8ed2-ea40-4cd4-bfdf-16db4b954909}</UniqueIdentifier>
    </Filter>
    <Filter Include="02.GameObject\04.Stage_Space\02.Se\01.GravityPath">
      <UniqueIdentifier>{f3a893e3-2973-442e-a466-ffed74b1f8dc}</UniqueIdentifier>
    </Filter>
  </ItemGroup>
  <ItemGroup>
    <ClInclude Include="Client.h">
      <Filter>99.Defaults</Filter>
    </ClInclude>
    <ClInclude Include="Resource.h">
      <Filter>99.Defaults</Filter>
    </ClInclude>
    <ClInclude Include="stdafx.h">
      <Filter>99.Defaults</Filter>
    </ClInclude>
    <ClInclude Include="..\public\Client_Defines.h">
      <Filter>98.Defines</Filter>
    </ClInclude>
    <ClInclude Include="..\public\MainApp.h">
      <Filter>00.MainApp</Filter>
    </ClInclude>
    <ClInclude Include="..\public\Level_Loading.h">
      <Filter>01.Maps\01.Loading\00.Main</Filter>
    </ClInclude>
    <ClInclude Include="..\public\Loading.h">
      <Filter>01.Maps\01.Loading\99.Loading</Filter>
    </ClInclude>
    <ClInclude Include="targetver.h">
      <Filter>99.Defaults</Filter>
    </ClInclude>
    <ClInclude Include="..\Public\Client_Enum.h">
      <Filter>98.Defines</Filter>
    </ClInclude>
    <ClInclude Include="..\Public\Terrain.h">
      <Filter>02.GameObject\99.Stage%28Test%29\02.Terrain</Filter>
    </ClInclude>
    <ClInclude Include="..\Public\MainCamera.h">
      <Filter>02.GameObject\00.Public\01.MainCamera</Filter>
    </ClInclude>
    <ClInclude Include="..\public\Level_Stage.h">
      <Filter>01.Maps\99.Stage%28Test%29</Filter>
    </ClInclude>
    <ClInclude Include="..\Public\SubCamera.h">
      <Filter>02.GameObject\00.Public\02.SubCamera</Filter>
    </ClInclude>
    <ClInclude Include="..\public\Effect_Generator.h">
      <Filter>95.Effect_Generator</Filter>
    </ClInclude>
    <ClInclude Include="..\Public\Cody.h">
      <Filter>02.GameObject\03.Character\00.Cody</Filter>
    </ClInclude>
    <ClInclude Include="..\Public\Character.h">
      <Filter>02.GameObject\03.Character\99.Parent</Filter>
    </ClInclude>
    <ClInclude Include="..\Public\May.h">
      <Filter>02.GameObject\03.Character\01.May</Filter>
    </ClInclude>
    <ClInclude Include="..\public\TileBox.h">
      <Filter>02.GameObject\99.Stage%28Test%29\03.Test</Filter>
    </ClInclude>
    <ClInclude Include="..\Public\MoonBaboon.h">
      <Filter>02.GameObject\03.Character\03.Boss\01.MoonBaboon</Filter>
    </ClInclude>
    <ClInclude Include="..\Public\UFO.h">
      <Filter>02.GameObject\03.Character\03.Boss\00.UFO</Filter>
    </ClInclude>
    <ClInclude Include="..\public\DataStorage.h">
      <Filter>96.DataStorage</Filter>
    </ClInclude>
    <ClInclude Include="..\public\Cam_Helper.h">
      <Filter>02.GameObject\00.Public\03.Cam_Helper</Filter>
    </ClInclude>
    <ClInclude Include="..\public\Film.h">
      <Filter>02.GameObject\00.Public\03.Cam_Helper\Film</Filter>
    </ClInclude>
    <ClInclude Include="..\public\Effect_Wormhole.h">
      <Filter>02.GameObject\05.Effect/Particle\3D\Object\02.Wormhole</Filter>
    </ClInclude>
    <ClInclude Include="..\Public\InGameEffect.h">
      <Filter>02.GameObject\05.Effect/Particle\2D/Point</Filter>
    </ClInclude>
    <ClInclude Include="..\Public\InGameEffect_Rect.h">
      <Filter>02.GameObject\05.Effect/Particle\2D/Rect</Filter>
    </ClInclude>
    <ClInclude Include="..\public\InGameEffect_Model.h">
      <Filter>02.GameObject\05.Effect/Particle\3D</Filter>
    </ClInclude>
    <ClInclude Include="..\public\Effect_Player_Revive.h">
      <Filter>02.GameObject\05.Effect/Particle\2D/Point\Cody/May\01.Revive_Effect</Filter>
    </ClInclude>
    <ClInclude Include="..\public\Effect_Player_Dead.h">
      <Filter>02.GameObject\05.Effect/Particle\2D/Point\Cody/May\00.Dead_Effect</Filter>
    </ClInclude>
    <ClInclude Include="..\public\Effect_Player_Dead_Particle.h">
      <Filter>02.GameObject\05.Effect/Particle\2D/Point\Cody/May\00.Dead_Effect\Dead_Particle</Filter>
    </ClInclude>
    <ClInclude Include="..\public\Effect_FireDoor.h">
      <Filter>02.GameObject\05.Effect/Particle\2D/Point\Object\00.FireDoor</Filter>
    </ClInclude>
    <ClInclude Include="..\Public\Effect_Walking_Smoke.h">
      <Filter>02.GameObject\05.Effect/Particle\2D/Point\Cody/May\05.Walking_Smoke</Filter>
    </ClInclude>
    <ClInclude Include="..\public\Effect_RespawnTunnel.h">
      <Filter>02.GameObject\05.Effect/Particle\3D\Object\00.RespawnTunnel</Filter>
    </ClInclude>
    <ClInclude Include="..\public\Effect_RespawnTunnel_Portal.h">
      <Filter>02.GameObject\05.Effect/Particle\3D\Object\01.RespawnTunnel_Portal</Filter>
    </ClInclude>
    <ClInclude Include="..\public\Effect_Landing_Smoke.h">
      <Filter>02.GameObject\05.Effect/Particle\2D/Point\Cody/May\06.Landing_Smoke</Filter>
    </ClInclude>
    <ClInclude Include="..\public\Effect_Cody_Size.h">
      <Filter>02.GameObject\05.Effect/Particle\2D/Point\Cody/May\02.Cody_Size</Filter>
    </ClInclude>
    <ClInclude Include="..\Public\Effect_Color.txt">
      <Filter>02.GameObject\05.Effect/Particle</Filter>
    </ClInclude>
    <ClInclude Include="..\Public\Rocket.h">
      <Filter>02.GameObject\98.Interactive_Objects\00.Rocket</Filter>
    </ClInclude>
    <ClInclude Include="..\Public\StarBuddy.h">
      <Filter>02.GameObject\98.Interactive_Objects\01.StarBuddy</Filter>
    </ClInclude>
    <ClInclude Include="..\Public\SecurityCameraHandle.h">
      <Filter>02.GameObject\98.Interactive_Objects\02.SecurityCamera</Filter>
    </ClInclude>
    <ClInclude Include="..\Public\SecurityCamera.h">
      <Filter>02.GameObject\98.Interactive_Objects\02.SecurityCamera</Filter>
    </ClInclude>
    <ClInclude Include="..\bin\ShaderFiles\Shader_Defines.hpp">
      <Filter>97.ShaderFiles\Include</Filter>
    </ClInclude>
    <ClInclude Include="..\Bin\ShaderFiles\Shader_Function.hpp">
      <Filter>97.ShaderFiles\Include</Filter>
    </ClInclude>
    <ClInclude Include="..\Bin\ShaderFiles\Shader_Include.hpp">
      <Filter>97.ShaderFiles\Include</Filter>
    </ClInclude>
    <ClInclude Include="..\public\GrindLine.h">
      <Filter>02.GameObject\00.Public\04.GrindLine</Filter>
    </ClInclude>
    <ClInclude Include="..\Public\Effect_Dash.h">
      <Filter>02.GameObject\05.Effect/Particle\2D/Rect\Dash</Filter>
    </ClInclude>
    <ClInclude Include="..\public\Effect_May_Boots.h">
      <Filter>02.GameObject\05.Effect/Particle\2D/Point\Cody/May\03.May_Boots</Filter>
    </ClInclude>
    <ClInclude Include="..\public\Effect_May_Boots_Walking_Particle.h">
      <Filter>02.GameObject\05.Effect/Particle\2D/Point\Cody/May\04.May_Boots_Walking_Particle</Filter>
    </ClInclude>
    <ClInclude Include="..\Public\TestEffect.h">
      <Filter>02.GameObject\05.Effect/Particle\2D/Point\99.DummyEffect</Filter>
    </ClInclude>
    <ClInclude Include="..\public\TestObject01.h">
      <Filter>02.GameObject\99.Stage%28Test%29\03.Test</Filter>
    </ClInclude>
    <ClInclude Include="..\Public\UI_Generator.h">
      <Filter>02.GameObject\05.UI\99.UI_Generator</Filter>
    </ClInclude>
    <ClInclude Include="..\Public\UIObject.h">
      <Filter>02.GameObject\05.UI\00.Main</Filter>
    </ClInclude>
    <ClInclude Include="..\Public\InputButton_Frame.h">
      <Filter>02.GameObject\05.UI\01.InputButton\00.Frame</Filter>
    </ClInclude>
    <ClInclude Include="..\Public\InputButton.h">
      <Filter>02.GameObject\05.UI\01.InputButton\01.Button</Filter>
    </ClInclude>
    <ClInclude Include="..\Public\PC_MouseButton.h">
      <Filter>02.GameObject\05.UI\02.PC_MouseButton</Filter>
    </ClInclude>
    <ClInclude Include="..\Public\Arrowkeys_Fill.h">
      <Filter>02.GameObject\05.UI\03.ArrowKeys\00.Fill</Filter>
    </ClInclude>
    <ClInclude Include="..\Public\Arrowkeys_Outline.h">
      <Filter>02.GameObject\05.UI\03.ArrowKeys\01.Outline</Filter>
    </ClInclude>
    <ClInclude Include="..\Public\PlayerMarker.h">
      <Filter>02.GameObject\05.UI\04.PlayerMarker</Filter>
    </ClInclude>
    <ClInclude Include="..\Public\UISprite.h">
      <Filter>02.GameObject\05.UI\05.UISprite</Filter>
    </ClInclude>
    <ClInclude Include="..\Public\Robot.h">
      <Filter>02.GameObject\98.Interactive_Objects\03.Robot\NoneInteraction</Filter>
    </ClInclude>
    <ClInclude Include="..\Public\RobotHead.h">
      <Filter>02.GameObject\98.Interactive_Objects\03.Robot\NoneInteraction</Filter>
    </ClInclude>
    <ClInclude Include="..\Public\Client_Animation_Index_Define.h">
      <Filter>98.Defines</Filter>
    </ClInclude>
    <ClInclude Include="..\Public\RobotLever.h">
      <Filter>02.GameObject\98.Interactive_Objects\03.Robot\Interaction</Filter>
    </ClInclude>
    <ClInclude Include="..\Public\RobotBattery.h">
      <Filter>02.GameObject\98.Interactive_Objects\03.Robot\Interaction</Filter>
    </ClInclude>
    <ClInclude Include="..\Public\TutorialDoor.h">
      <Filter>02.GameObject\98.Interactive_Objects\04.TutorialDoor</Filter>
    </ClInclude>
    <ClInclude Include="..\Public\BigButton.h">
      <Filter>02.GameObject\98.Interactive_Objects\05.BigButton</Filter>
    </ClInclude>
    <ClInclude Include="..\Public\NoBatterySign.h">
      <Filter>02.GameObject\98.Interactive_Objects\03.Robot\Interaction</Filter>
    </ClInclude>
    <ClInclude Include="..\Public\SpaceValve.h">
      <Filter>02.GameObject\98.Interactive_Objects\06.SpaceValve</Filter>
    </ClInclude>
    <ClInclude Include="..\Public\BigPlanet.h">
      <Filter>02.GameObject\98.Interactive_Objects\07.BigPlanet</Filter>
    </ClInclude>
    <ClInclude Include="..\Public\CamEffect.h">
      <Filter>02.GameObject\00.Public\03.Cam_Helper\CamEffect</Filter>
    </ClInclude>
    <ClInclude Include="..\public\Effect_Env_Particle.h">
      <Filter>02.GameObject\05.Effect/Particle\2D/Point\Env_Particle%28Member%29</Filter>
    </ClInclude>
    <ClInclude Include="..\Public\Environment_Generator.h">
      <Filter>02.GameObject\04.Stage_Space\01.Environment\Environment_Generator</Filter>
    </ClInclude>
    <ClInclude Include="..\Public\Static_Env.h">
      <Filter>02.GameObject\04.Stage_Space\01.Environment\Static_Env</Filter>
    </ClInclude>
    <ClInclude Include="..\Public\Instancing_Env.h">
      <Filter>02.GameObject\04.Stage_Space\01.Environment\Instancing_Env</Filter>
    </ClInclude>
    <ClInclude Include="..\public\Sky.h">
      <Filter>02.GameObject\06.Sky</Filter>
    </ClInclude>
    <ClInclude Include="..\Public\CameraBehaviorCallback.h">
      <Filter>03.Component\01.CameraActor\01.BehaviorCallback</Filter>
    </ClInclude>
    <ClInclude Include="..\Public\CameraFilterCallback.h">
      <Filter>03.Component\01.CameraActor\02.FilterCallback</Filter>
    </ClInclude>
    <ClInclude Include="..\Public\CameraActor.h">
      <Filter>03.Component\01.CameraActor\00.Main</Filter>
    </ClInclude>
    <ClInclude Include="..\public\Effect_Dead_Particle_Fire.h">
      <Filter>02.GameObject\05.Effect/Particle\2D/Point\Cody/May\00.Dead_Effect\Dead_Particle_Fire</Filter>
    </ClInclude>
    <ClInclude Include="..\Public\Effect_GravityPipe.h">
      <Filter>02.GameObject\05.Effect/Particle\3D\Object\03.Gravity_Pipe</Filter>
    </ClInclude>
    <ClInclude Include="..\public\Effect_RespawnTunnel_Smoke.h">
      <Filter>02.GameObject\05.Effect/Particle\3D</Filter>
    </ClInclude>
    <ClInclude Include="..\Public\HookUFO.h">
      <Filter>02.GameObject\98.Interactive_Objects\08.HookUFO</Filter>
    </ClInclude>
    <ClInclude Include="..\Public\GravityPath.h">
      <Filter>02.GameObject\04.Stage_Space\02.Se\01.GravityPath</Filter>
    </ClInclude>
  </ItemGroup>
  <ItemGroup>
    <ClCompile Include="Client.cpp">
      <Filter>99.Defaults</Filter>
    </ClCompile>
    <ClCompile Include="stdafx.cpp">
      <Filter>99.Defaults</Filter>
    </ClCompile>
    <ClCompile Include="..\private\MainApp.cpp">
      <Filter>00.MainApp</Filter>
    </ClCompile>
    <ClCompile Include="..\private\Level_Loading.cpp">
      <Filter>01.Maps\01.Loading\00.Main</Filter>
    </ClCompile>
    <ClCompile Include="..\Private\Terrain.cpp">
      <Filter>02.GameObject\99.Stage%28Test%29\02.Terrain</Filter>
    </ClCompile>
    <ClCompile Include="..\Private\MainCamera.cpp">
      <Filter>02.GameObject\00.Public\01.MainCamera</Filter>
    </ClCompile>
    <ClCompile Include="..\private\Level_Stage.cpp">
      <Filter>01.Maps\99.Stage%28Test%29</Filter>
    </ClCompile>
    <ClCompile Include="..\Private\SubCamera.cpp">
      <Filter>02.GameObject\00.Public\02.SubCamera</Filter>
    </ClCompile>
    <ClCompile Include="..\private\Cam_Helper.cpp">
      <Filter>02.GameObject\00.Public\03.Cam_Helper</Filter>
    </ClCompile>
    <ClCompile Include="..\private\Film.cpp">
      <Filter>02.GameObject\00.Public\03.Cam_Helper\Film</Filter>
    </ClCompile>
    <ClCompile Include="..\private\Effect_Generator.cpp">
      <Filter>95.Effect_Generator</Filter>
    </ClCompile>
    <ClCompile Include="..\Private\Cody.cpp">
      <Filter>02.GameObject\03.Character\00.Cody</Filter>
    </ClCompile>
    <ClCompile Include="..\Private\Character.cpp">
      <Filter>02.GameObject\03.Character\99.Parent</Filter>
    </ClCompile>
    <ClCompile Include="..\Private\May.cpp">
      <Filter>02.GameObject\03.Character\01.May</Filter>
    </ClCompile>
    <ClCompile Include="..\private\TileBox.cpp">
      <Filter>02.GameObject\99.Stage%28Test%29\03.Test</Filter>
    </ClCompile>
    <ClCompile Include="..\Private\TestEffect.cpp">
      <Filter>02.GameObject\05.Effect/Particle\2D/Point\99.DummyEffect</Filter>
    </ClCompile>
    <ClCompile Include="..\Private\MoonBaboon.cpp">
      <Filter>02.GameObject\03.Character\03.Boss\01.MoonBaboon</Filter>
    </ClCompile>
    <ClCompile Include="..\Private\UFO.cpp">
      <Filter>02.GameObject\03.Character\03.Boss\00.UFO</Filter>
    </ClCompile>
    <ClCompile Include="..\private\DataStorage.cpp">
      <Filter>96.DataStorage</Filter>
    </ClCompile>
    <ClCompile Include="..\private\Effect_Wormhole.cpp">
      <Filter>02.GameObject\05.Effect/Particle\3D\Object\02.Wormhole</Filter>
    </ClCompile>
    <ClCompile Include="..\Private\InGameEffect.cpp">
      <Filter>02.GameObject\05.Effect/Particle\2D/Point</Filter>
    </ClCompile>
    <ClCompile Include="..\Private\InGameEffect_Rect.cpp">
      <Filter>02.GameObject\05.Effect/Particle\2D/Rect</Filter>
    </ClCompile>
    <ClCompile Include="..\private\InGameEffect_Model.cpp">
      <Filter>02.GameObject\05.Effect/Particle\3D</Filter>
    </ClCompile>
    <ClCompile Include="..\private\Effect_Player_Revive.cpp">
      <Filter>02.GameObject\05.Effect/Particle\2D/Point\Cody/May\01.Revive_Effect</Filter>
    </ClCompile>
    <ClCompile Include="..\private\Effect_Player_Dead.cpp">
      <Filter>02.GameObject\05.Effect/Particle\2D/Point\Cody/May\00.Dead_Effect</Filter>
    </ClCompile>
    <ClCompile Include="..\private\Effect_Player_Dead_Particle.cpp">
      <Filter>02.GameObject\05.Effect/Particle\2D/Point\Cody/May\00.Dead_Effect\Dead_Particle</Filter>
    </ClCompile>
    <ClCompile Include="..\private\Effect_FireDoor.cpp">
      <Filter>02.GameObject\05.Effect/Particle\2D/Point\Object\00.FireDoor</Filter>
    </ClCompile>
    <ClCompile Include="..\Private\Effect_Walking_Smoke.cpp">
      <Filter>02.GameObject\05.Effect/Particle\2D/Point\Cody/May\05.Walking_Smoke</Filter>
    </ClCompile>
    <ClCompile Include="..\private\Effect_RespawnTunnel.cpp">
      <Filter>02.GameObject\05.Effect/Particle\3D\Object\00.RespawnTunnel</Filter>
    </ClCompile>
    <ClCompile Include="..\private\Effect_RespawnTunnel_Portal.cpp">
      <Filter>02.GameObject\05.Effect/Particle\3D\Object\01.RespawnTunnel_Portal</Filter>
    </ClCompile>
    <ClCompile Include="..\private\Effect_Landing_Smoke.cpp">
      <Filter>02.GameObject\05.Effect/Particle\2D/Point\Cody/May\06.Landing_Smoke</Filter>
    </ClCompile>
    <ClCompile Include="..\private\Effect_Cody_Size.cpp">
      <Filter>02.GameObject\05.Effect/Particle\2D/Point\Cody/May\02.Cody_Size</Filter>
    </ClCompile>
    <ClCompile Include="..\Private\Rocket.cpp">
      <Filter>02.GameObject\98.Interactive_Objects\00.Rocket</Filter>
    </ClCompile>
    <ClCompile Include="..\Private\StarBuddy.cpp">
      <Filter>02.GameObject\98.Interactive_Objects\01.StarBuddy</Filter>
    </ClCompile>
    <ClCompile Include="..\Private\SecurityCameraHandle.cpp">
      <Filter>02.GameObject\98.Interactive_Objects\02.SecurityCamera</Filter>
    </ClCompile>
    <ClCompile Include="..\Private\SecurityCamera.cpp">
      <Filter>02.GameObject\98.Interactive_Objects\02.SecurityCamera</Filter>
    </ClCompile>
    <ClCompile Include="..\private\GrindLine.cpp">
      <Filter>02.GameObject\00.Public\04.GrindLine</Filter>
    </ClCompile>
    <ClCompile Include="..\Private\Effect_Dash.cpp">
      <Filter>02.GameObject\05.Effect/Particle\2D/Rect\Dash</Filter>
    </ClCompile>
    <ClCompile Include="..\private\Effect_May_Boots.cpp">
      <Filter>02.GameObject\05.Effect/Particle\2D/Point\Cody/May\03.May_Boots</Filter>
    </ClCompile>
    <ClCompile Include="..\private\Effect_May_Boots_Walking_Particle.cpp">
      <Filter>02.GameObject\05.Effect/Particle\2D/Point\Cody/May\04.May_Boots_Walking_Particle</Filter>
    </ClCompile>
    <ClCompile Include="..\private\TestObject01.cpp">
      <Filter>02.GameObject\99.Stage%28Test%29\03.Test</Filter>
    </ClCompile>
    <ClCompile Include="..\Private\UI_Generator.cpp">
      <Filter>02.GameObject\05.UI\99.UI_Generator</Filter>
    </ClCompile>
    <ClCompile Include="..\Private\UIObject.cpp">
      <Filter>02.GameObject\05.UI\00.Main</Filter>
    </ClCompile>
    <ClCompile Include="..\Private\InputButton.cpp">
      <Filter>02.GameObject\05.UI\01.InputButton\01.Button</Filter>
    </ClCompile>
    <ClCompile Include="..\Private\InputButton_Frame.cpp">
      <Filter>02.GameObject\05.UI\01.InputButton\00.Frame</Filter>
    </ClCompile>
    <ClCompile Include="..\Private\PC_MouseButton.cpp">
      <Filter>02.GameObject\05.UI\02.PC_MouseButton</Filter>
    </ClCompile>
    <ClCompile Include="..\Private\Arrowkeys_Fill.cpp">
      <Filter>02.GameObject\05.UI\03.ArrowKeys\00.Fill</Filter>
    </ClCompile>
    <ClCompile Include="..\Private\Arrowkeys_Outline.cpp">
      <Filter>02.GameObject\05.UI\03.ArrowKeys\01.Outline</Filter>
    </ClCompile>
    <ClCompile Include="..\Private\PlayerMarker.cpp">
      <Filter>02.GameObject\05.UI\04.PlayerMarker</Filter>
    </ClCompile>
    <ClCompile Include="..\Private\UISprite.cpp">
      <Filter>02.GameObject\05.UI\05.UISprite</Filter>
    </ClCompile>
    <ClCompile Include="..\Private\Robot.cpp">
      <Filter>02.GameObject\98.Interactive_Objects\03.Robot\NoneInteraction</Filter>
    </ClCompile>
    <ClCompile Include="..\Private\RobotHead.cpp">
      <Filter>02.GameObject\98.Interactive_Objects\03.Robot\NoneInteraction</Filter>
    </ClCompile>
    <ClCompile Include="..\Private\RobotLever.cpp">
      <Filter>02.GameObject\98.Interactive_Objects\03.Robot\Interaction</Filter>
    </ClCompile>
    <ClCompile Include="..\Private\RobotBattery.cpp">
      <Filter>02.GameObject\98.Interactive_Objects\03.Robot\Interaction</Filter>
    </ClCompile>
    <ClCompile Include="..\Private\TutorialDoor.cpp">
      <Filter>02.GameObject\98.Interactive_Objects\04.TutorialDoor</Filter>
    </ClCompile>
    <ClCompile Include="..\Private\BigButton.cpp">
      <Filter>02.GameObject\98.Interactive_Objects\05.BigButton</Filter>
    </ClCompile>
    <ClCompile Include="..\Private\NoBatterySign.cpp">
      <Filter>02.GameObject\98.Interactive_Objects\03.Robot\Interaction</Filter>
    </ClCompile>
    <ClCompile Include="..\Private\SpaceValve.cpp">
      <Filter>02.GameObject\98.Interactive_Objects\06.SpaceValve</Filter>
    </ClCompile>
    <ClCompile Include="..\Private\BigPlanet.cpp">
      <Filter>02.GameObject\98.Interactive_Objects\07.BigPlanet</Filter>
    </ClCompile>
    <ClCompile Include="..\Private\CamEffect.cpp">
      <Filter>02.GameObject\00.Public\03.Cam_Helper\CamEffect</Filter>
    </ClCompile>
    <ClCompile Include="..\private\Effect_Env_Particle.cpp">
      <Filter>02.GameObject\05.Effect/Particle\2D/Point\Env_Particle%28Member%29</Filter>
    </ClCompile>
    <ClCompile Include="..\Private\Environment_Generator.cpp">
      <Filter>02.GameObject\04.Stage_Space\01.Environment\Environment_Generator</Filter>
    </ClCompile>
    <ClCompile Include="..\Private\Static_Env.cpp">
      <Filter>02.GameObject\04.Stage_Space\01.Environment\Static_Env</Filter>
    </ClCompile>
    <ClCompile Include="..\Private\Instancing_Env.cpp">
      <Filter>02.GameObject\04.Stage_Space\01.Environment\Instancing_Env</Filter>
    </ClCompile>
    <ClCompile Include="..\private\Loading.cpp">
      <Filter>01.Maps\01.Loading\99.Loading</Filter>
    </ClCompile>
    <ClCompile Include="..\private\Sky.cpp">
      <Filter>02.GameObject\06.Sky</Filter>
    </ClCompile>
    <ClCompile Include="..\Private\CameraActor.cpp">
      <Filter>03.Component\01.CameraActor\00.Main</Filter>
    </ClCompile>
    <ClCompile Include="..\Private\CameraBehaviorCallback.cpp">
      <Filter>03.Component\01.CameraActor\01.BehaviorCallback</Filter>
    </ClCompile>
    <ClCompile Include="..\Private\CameraFilterCallback.cpp">
      <Filter>03.Component\01.CameraActor\02.FilterCallback</Filter>
    </ClCompile>
    <ClCompile Include="..\private\Effect_Dead_Particle_Fire.cpp">
      <Filter>02.GameObject\05.Effect/Particle\2D/Point\Cody/May\00.Dead_Effect\Dead_Particle_Fire</Filter>
    </ClCompile>
    <ClCompile Include="..\Private\Effect_GravityPipe.cpp">
      <Filter>02.GameObject\05.Effect/Particle\3D\Object\03.Gravity_Pipe</Filter>
    </ClCompile>
    <ClCompile Include="..\private\Effect_RespawnTunnel_Smoke.cpp">
      <Filter>02.GameObject\05.Effect/Particle\3D</Filter>
    </ClCompile>
    <ClCompile Include="..\Private\HookUFO.cpp">
      <Filter>02.GameObject\98.Interactive_Objects\08.HookUFO</Filter>
    </ClCompile>
    <ClCompile Include="..\Private\GravityPath.cpp">
      <Filter>02.GameObject\04.Stage_Space\02.Se\01.GravityPath</Filter>
    </ClCompile>
  </ItemGroup>
  <ItemGroup>
    <Image Include="Client.ico">
      <Filter>99.Defaults</Filter>
    </Image>
    <Image Include="small.ico">
      <Filter>99.Defaults</Filter>
    </Image>
  </ItemGroup>
  <ItemGroup>
    <ResourceCompile Include="Client.rc">
      <Filter>99.Defaults</Filter>
    </ResourceCompile>
  </ItemGroup>
  <ItemGroup>
    <Text Include="ReadMe.txt">
      <Filter>99.Defaults</Filter>
    </Text>
  </ItemGroup>
  <ItemGroup>
    <FxCompile Include="..\bin\ShaderFiles\Shader_Terrain.hlsl">
      <Filter>97.ShaderFiles</Filter>
    </FxCompile>
    <FxCompile Include="..\Bin\ShaderFiles\Shader_Default.hlsl">
      <Filter>97.ShaderFiles</Filter>
    </FxCompile>
    <FxCompile Include="..\Bin\ShaderFiles\Shader_Mesh.hlsl">
      <Filter>97.ShaderFiles</Filter>
    </FxCompile>
    <FxCompile Include="..\Bin\ShaderFiles\Shader_MeshInstance.hlsl">
      <Filter>97.ShaderFiles</Filter>
    </FxCompile>
    <FxCompile Include="..\Bin\ShaderFiles\Shader_MeshEffect.hlsl">
      <Filter>97.ShaderFiles\00.Effect</Filter>
    </FxCompile>
    <FxCompile Include="..\Bin\ShaderFiles\Shader_PointCustom.hlsl">
      <Filter>97.ShaderFiles\00.Effect</Filter>
    </FxCompile>
    <FxCompile Include="..\Bin\ShaderFiles\Shader_Rect.hlsl">
      <Filter>97.ShaderFiles\00.Effect</Filter>
    </FxCompile>
    <FxCompile Include="..\Bin\ShaderFiles\Shader_RectCustom.hlsl">
      <Filter>97.ShaderFiles\00.Effect</Filter>
    </FxCompile>
    <FxCompile Include="..\Bin\ShaderFiles\Shader_PointCustom_STT.hlsl">
      <Filter>97.ShaderFiles\00.Effect</Filter>
    </FxCompile>
    <FxCompile Include="..\Bin\ShaderFiles\Shader_Font.hlsl">
      <Filter>97.ShaderFiles</Filter>
    </FxCompile>
    <FxCompile Include="..\Bin\ShaderFiles\Shader_Sprite.hlsl">
      <Filter>97.ShaderFiles</Filter>
    </FxCompile>
    <FxCompile Include="..\Bin\ShaderFiles\Shader_UI.hlsl">
      <Filter>97.ShaderFiles</Filter>
    </FxCompile>
    <FxCompile Include="..\Bin\ShaderFiles\Shader_Sky.hlsl">
      <Filter>97.ShaderFiles</Filter>
    </FxCompile>
  </ItemGroup>
</Project>